
Microsoft Visual Studio Solution File, Format Version 12.00
# Visual Studio Version 17
VisualStudioVersion = 17.10.34928.147
MinimumVisualStudioVersion = 10.0.40219.1
Project("{FAE04EC0-301F-11D3-BF4B-00C04F79EFBC}") = "NotesApp.API", "NotesApp.API\NotesApp.API.csproj", "{664A48BB-DCF4-4989-9C39-23CF3B50AED1}"
EndProject
Global
	GlobalSection(SolutionConfigurationPlatforms) = preSolution
		Debug|Any CPU = Debug|Any CPU
		Release|Any CPU = Release|Any CPU
	EndGlobalSection
	GlobalSection(ProjectConfigurationPlatforms) = postSolution
		{664A48BB-DCF4-4989-9C39-23CF3B50AED1}.Debug|Any CPU.ActiveCfg = Debug|Any CPU
		{664A48BB-DCF4-4989-9C39-23CF3B50AED1}.Debug|Any CPU.Build.0 = Debug|Any CPU
		{664A48BB-DCF4-4989-9C39-23CF3B50AED1}.Release|Any CPU.ActiveCfg = Release|Any CPU
		{664A48BB-DCF4-4989-9C39-23CF3B50AED1}.Release|Any CPU.Build.0 = Release|Any CPU
	EndGlobalSection
	GlobalSection(SolutionProperties) = preSolution
		HideSolutionNode = FALSE
	EndGlobalSection
	GlobalSection(ExtensibilityGlobals) = postSolution
		SolutionGuid = {14990DB0-6808-4538-8AE2-364875D13325}
	EndGlobalSection
EndGlobal
